
Microsoft Visual Studio Solution File, Format Version 12.00
# Visual Studio 15
VisualStudioVersion = 15.0.28307.572
MinimumVisualStudioVersion = 10.0.40219.1
Project("{FAE04EC0-301F-11D3-BF4B-00C04F79EFBC}") = "SACNPackets", "SACNPackets.csproj", "{8460C272-6C37-4720-9669-57560F064108}"
EndProject
Global
	GlobalSection(SolutionConfigurationPlatforms) = preSolution
		Debug|Any CPU = Debug|Any CPU
		Release|Any CPU = Release|Any CPU
	EndGlobalSection
	GlobalSection(ProjectConfigurationPlatforms) = postSolution
		{8460C272-6C37-4720-9669-57560F064108}.Debug|Any CPU.ActiveCfg = Debug|Any CPU
		{8460C272-6C37-4720-9669-57560F064108}.Debug|Any CPU.Build.0 = Debug|Any CPU
		{8460C272-6C37-4720-9669-57560F064108}.Release|Any CPU.ActiveCfg = Release|Any CPU
		{8460C272-6C37-4720-9669-57560F064108}.Release|Any CPU.Build.0 = Release|Any CPU
	EndGlobalSection
	GlobalSection(SolutionProperties) = preSolution
		HideSolutionNode = FALSE
	EndGlobalSection
	GlobalSection(ExtensibilityGlobals) = postSolution
		SolutionGuid = {CB23D095-E482-4223-9435-29EADA4208A4}
	EndGlobalSection
EndGlobal
